# This file was autogenerated by Stack.
# You should not edit this file by hand.
# For more information, please see the documentation at:
#   https://docs.haskellstack.org/en/stable/topics/lock_files

packages:
- completed:
    hackage: github-0.24@sha256:4bf5a06289d36f78bf347b6a4f9906f659be7335cde78386a6c95568714a730b,6955
    pantry-tree:
      sha256: e0f84d7a3cdd76c6bd5395c8c72d24a1dda9616f857291820b08947c8290f042
      size: 7105
  original:
    hackage: github-0.24
- completed:
    hackage: binary-instances-1@sha256:b17565598b8df3241f9b46fa8e3a3368ecc8e3f2eb175d7c28f319042a6f5c79,2613
    pantry-tree:
      sha256: 938ffc6990cac12681c657f7afa93737eecf335e6f0212d8c0b7c1ea3e0f40f4
      size: 1035
  original:
    hackage: binary-instances-1
snapshots:
- completed:
    sha256: 9f79f6494473c9b46911364b94c4b5ef19ca8d35ebf62e46697cf651f198ee19
    size: 524155
    url: https://raw.githubusercontent.com/commercialhaskell/stackage-snapshots/master/lts/14/19.yaml
  original: lts-14.19
